
Microsoft Visual Studio Solution File, Format Version 12.00
Project("{FAE04EC0-301F-11D3-BF4B-00C04F79EFBC}") = "Zadatak", "Zadatak.csproj", "{AFBCDC38-B0B7-4196-B6E6-07E17AB4EFBC}"
EndProject
Global
	GlobalSection(SolutionConfigurationPlatforms) = preSolution
		Debug|Any CPU = Debug|Any CPU
		Release|Any CPU = Release|Any CPU
	EndGlobalSection
	GlobalSection(ProjectConfigurationPlatforms) = postSolution
		{AFBCDC38-B0B7-4196-B6E6-07E17AB4EFBC}.Debug|Any CPU.ActiveCfg = Debug|Any CPU
		{AFBCDC38-B0B7-4196-B6E6-07E17AB4EFBC}.Debug|Any CPU.Build.0 = Debug|Any CPU
		{AFBCDC38-B0B7-4196-B6E6-07E17AB4EFBC}.Release|Any CPU.ActiveCfg = Release|Any CPU
		{AFBCDC38-B0B7-4196-B6E6-07E17AB4EFBC}.Release|Any CPU.Build.0 = Release|Any CPU
	EndGlobalSection
EndGlobal
